
Microsoft Visual Studio Solution File, Format Version 12.00
# Visual Studio Version 17
VisualStudioVersion = 17.3.32901.215
MinimumVisualStudioVersion = 10.0.40219.1
Project("{9A19103F-16F7-4668-BE54-9A1E7A4F7556}") = "SR-aut", "SR-aut\SR-aut.csproj", "{407ADB20-57AC-49AD-857B-69095A352F24}"
EndProject
Project("{FAE04EC0-301F-11D3-BF4B-00C04F79EFBC}") = "ConsoleApp1", "ConsoleApp1\ConsoleApp1.csproj", "{14940688-58AF-4CD7-8D90-A1365E7F9FCD}"
EndProject
Global
	GlobalSection(SolutionConfigurationPlatforms) = preSolution
		Debug|Any CPU = Debug|Any CPU
		Release|Any CPU = Release|Any CPU
	EndGlobalSection
	GlobalSection(ProjectConfigurationPlatforms) = postSolution
		{407ADB20-57AC-49AD-857B-69095A352F24}.Debug|Any CPU.ActiveCfg = Debug|Any CPU
		{407ADB20-57AC-49AD-857B-69095A352F24}.Debug|Any CPU.Build.0 = Debug|Any CPU
		{407ADB20-57AC-49AD-857B-69095A352F24}.Release|Any CPU.ActiveCfg = Release|Any CPU
		{407ADB20-57AC-49AD-857B-69095A352F24}.Release|Any CPU.Build.0 = Release|Any CPU
		{14940688-58AF-4CD7-8D90-A1365E7F9FCD}.Debug|Any CPU.ActiveCfg = Debug|Any CPU
		{14940688-58AF-4CD7-8D90-A1365E7F9FCD}.Debug|Any CPU.Build.0 = Debug|Any CPU
		{14940688-58AF-4CD7-8D90-A1365E7F9FCD}.Release|Any CPU.ActiveCfg = Release|Any CPU
		{14940688-58AF-4CD7-8D90-A1365E7F9FCD}.Release|Any CPU.Build.0 = Release|Any CPU
	EndGlobalSection
	GlobalSection(SolutionProperties) = preSolution
		HideSolutionNode = FALSE
	EndGlobalSection
	GlobalSection(ExtensibilityGlobals) = postSolution
		SolutionGuid = {ED02865F-6916-41AC-99DB-FDBA98DC760E}
	EndGlobalSection
EndGlobal
